// !$*UTF8*$!
{
	archiveVersion = 1;
	classes = {
	};
	objectVersion = 46;
	objects = {

/* Begin PBXBuildFile section */
		87A18CE181D58FBA8B7C0806 /* Pods_BhajanDB.framework in Frameworks */ = {isa = PBXBuildFile; fileRef = 175F3D288A2EA92C6CBEEC1D /* Pods_BhajanDB.framework */; };
		90BA47A71C79F1E500400FBC /* AppDelegate.swift in Sources */ = {isa = PBXBuildFile; fileRef = 90BA47A61C79F1E500400FBC /* AppDelegate.swift */; };
		90BA47A91C79F1E500400FBC /* ViewController.swift in Sources */ = {isa = PBXBuildFile; fileRef = 90BA47A81C79F1E500400FBC /* ViewController.swift */; };
		90BA47AE1C79F1E500400FBC /* Assets.xcassets in Resources */ = {isa = PBXBuildFile; fileRef = 90BA47AD1C79F1E500400FBC /* Assets.xcassets */; };
		90BA47B11C79F1E500400FBC /* LaunchScreen.storyboard in Resources */ = {isa = PBXBuildFile; fileRef = 90BA47AF1C79F1E500400FBC /* LaunchScreen.storyboard */; };
		90BA47BD1C79F62A00400FBC /* Bhajan.swift in Sources */ = {isa = PBXBuildFile; fileRef = 90BA47BC1C79F62A00400FBC /* Bhajan.swift */; };
		90BA47BF1C79F76C00400FBC /* NetworkingHelper.swift in Sources */ = {isa = PBXBuildFile; fileRef = 90BA47BE1C79F76C00400FBC /* NetworkingHelper.swift */; };
		90BA47C11C79F7BF00400FBC /* Constants.swift in Sources */ = {isa = PBXBuildFile; fileRef = 90BA47C01C79F7BF00400FBC /* Constants.swift */; };
		90BA47C31C79FC7800400FBC /* SearchDBTableViewController.swift in Sources */ = {isa = PBXBuildFile; fileRef = 90BA47C21C79FC7800400FBC /* SearchDBTableViewController.swift */; };
		90BA47C51C79FC9300400FBC /* BhajanDetailsViewController.swift in Sources */ = {isa = PBXBuildFile; fileRef = 90BA47C41C79FC9300400FBC /* BhajanDetailsViewController.swift */; };
		90BA47C81C7C397400400FBC /* Main.storyboard in Resources */ = {isa = PBXBuildFile; fileRef = 90BA47C61C7C397400400FBC /* Main.storyboard */; };
/* End PBXBuildFile section */

/* Begin PBXFileReference section */
		175F3D288A2EA92C6CBEEC1D /* Pods_BhajanDB.framework */ = {isa = PBXFileReference; explicitFileType = wrapper.framework; includeInIndex = 0; path = Pods_BhajanDB.framework; sourceTree = BUILT_PRODUCTS_DIR; };
		2622E4554AB1551029EC21A8 /* Pods-BhajanDB.release.xcconfig */ = {isa = PBXFileReference; includeInIndex = 1; lastKnownFileType = text.xcconfig; name = "Pods-BhajanDB.release.xcconfig"; path = "Pods/Target Support Files/Pods-BhajanDB/Pods-BhajanDB.release.xcconfig"; sourceTree = "<group>"; };
		47E87BB73F45D35523B1D736 /* Pods-BhajanDB.debug.xcconfig */ = {isa = PBXFileReference; includeInIndex = 1; lastKnownFileType = text.xcconfig; name = "Pods-BhajanDB.debug.xcconfig"; path = "Pods/Target Support Files/Pods-BhajanDB/Pods-BhajanDB.debug.xcconfig"; sourceTree = "<group>"; };
		90BA47A31C79F1E500400FBC /* BhajanDB.app */ = {isa = PBXFileReference; explicitFileType = wrapper.application; includeInIndex = 0; path = BhajanDB.app; sourceTree = BUILT_PRODUCTS_DIR; };
		90BA47A61C79F1E500400FBC /* AppDelegate.swift */ = {isa = PBXFileReference; lastKnownFileType = sourcecode.swift; path = AppDelegate.swift; sourceTree = "<group>"; };
		90BA47A81C79F1E500400FBC /* ViewController.swift */ = {isa = PBXFileReference; lastKnownFileType = sourcecode.swift; path = ViewController.swift; sourceTree = "<group>"; };
		90BA47AD1C79F1E500400FBC /* Assets.xcassets */ = {isa = PBXFileReference; lastKnownFileType = folder.assetcatalog; path = Assets.xcassets; sourceTree = "<group>"; };
		90BA47B01C79F1E500400FBC /* Base */ = {isa = PBXFileReference; lastKnownFileType = file.storyboard; name = Base; path = Base.lproj/LaunchScreen.storyboard; sourceTree = "<group>"; };
		90BA47B21C79F1E500400FBC /* Info.plist */ = {isa = PBXFileReference; lastKnownFileType = text.plist.xml; path = Info.plist; sourceTree = "<group>"; };
		90BA47BC1C79F62A00400FBC /* Bhajan.swift */ = {isa = PBXFileReference; fileEncoding = 4; lastKnownFileType = sourcecode.swift; path = Bhajan.swift; sourceTree = "<group>"; };
		90BA47BE1C79F76C00400FBC /* NetworkingHelper.swift */ = {isa = PBXFileReference; fileEncoding = 4; lastKnownFileType = sourcecode.swift; path = NetworkingHelper.swift; sourceTree = "<group>"; };
		90BA47C01C79F7BF00400FBC /* Constants.swift */ = {isa = PBXFileReference; fileEncoding = 4; lastKnownFileType = sourcecode.swift; path = Constants.swift; sourceTree = "<group>"; };
		90BA47C21C79FC7800400FBC /* SearchDBTableViewController.swift */ = {isa = PBXFileReference; fileEncoding = 4; lastKnownFileType = sourcecode.swift; path = SearchDBTableViewController.swift; sourceTree = "<group>"; };
		90BA47C41C79FC9300400FBC /* BhajanDetailsViewController.swift */ = {isa = PBXFileReference; fileEncoding = 4; lastKnownFileType = sourcecode.swift; path = BhajanDetailsViewController.swift; sourceTree = "<group>"; };
		90BA47C71C7C397400400FBC /* Base */ = {isa = PBXFileReference; lastKnownFileType = file.storyboard; name = Base; path = Base.lproj/Main.storyboard; sourceTree = "<group>"; };
/* End PBXFileReference section */

/* Begin PBXFrameworksBuildPhase section */
		90BA47A01C79F1E500400FBC /* Frameworks */ = {
			isa = PBXFrameworksBuildPhase;
			buildActionMask = 2147483647;
			files = (
				87A18CE181D58FBA8B7C0806 /* Pods_BhajanDB.framework in Frameworks */,
			);
			runOnlyForDeploymentPostprocessing = 0;
		};
/* End PBXFrameworksBuildPhase section */

/* Begin PBXGroup section */
		57303F5A7C4AD6643CF50F34 /* Frameworks */ = {
			isa = PBXGroup;
			children = (
				175F3D288A2EA92C6CBEEC1D /* Pods_BhajanDB.framework */,
			);
			name = Frameworks;
			sourceTree = "<group>";
		};
		78AF508C74B1C54B7EF00906 /* Pods */ = {
			isa = PBXGroup;
			children = (
				47E87BB73F45D35523B1D736 /* Pods-BhajanDB.debug.xcconfig */,
				2622E4554AB1551029EC21A8 /* Pods-BhajanDB.release.xcconfig */,
			);
			name = Pods;
			sourceTree = "<group>";
		};
		90BA479A1C79F1E500400FBC = {
			isa = PBXGroup;
			children = (
				90BA47A51C79F1E500400FBC /* BhajanDB */,
				90BA47A41C79F1E500400FBC /* Products */,
				78AF508C74B1C54B7EF00906 /* Pods */,
				57303F5A7C4AD6643CF50F34 /* Frameworks */,
			);
			sourceTree = "<group>";
		};
		90BA47A41C79F1E500400FBC /* Products */ = {
			isa = PBXGroup;
			children = (
				90BA47A31C79F1E500400FBC /* BhajanDB.app */,
			);
			name = Products;
			sourceTree = "<group>";
		};
		90BA47A51C79F1E500400FBC /* BhajanDB */ = {
			isa = PBXGroup;
			children = (
				90BA47BB1C79F5E600400FBC /* Helpers */,
				90BA47BA1C79F5E300400FBC /* Controller */,
				90BA47B91C79F5E000400FBC /* View */,
				90BA47B81C79F5DC00400FBC /* Model */,
				90BA47B21C79F1E500400FBC /* Info.plist */,
			);
			path = BhajanDB;
			sourceTree = "<group>";
		};
		90BA47B81C79F5DC00400FBC /* Model */ = {
			isa = PBXGroup;
			children = (
				90BA47BC1C79F62A00400FBC /* Bhajan.swift */,
			);
			name = Model;
			sourceTree = "<group>";
		};
		90BA47B91C79F5E000400FBC /* View */ = {
			isa = PBXGroup;
			children = (
				90BA47AD1C79F1E500400FBC /* Assets.xcassets */,
				90BA47AF1C79F1E500400FBC /* LaunchScreen.storyboard */,
				90BA47C61C7C397400400FBC /* Main.storyboard */,
			);
			name = View;
			sourceTree = "<group>";
		};
		90BA47BA1C79F5E300400FBC /* Controller */ = {
			isa = PBXGroup;
			children = (
				90BA47A81C79F1E500400FBC /* ViewController.swift */,
				90BA47C21C79FC7800400FBC /* SearchDBTableViewController.swift */,
				90BA47C41C79FC9300400FBC /* BhajanDetailsViewController.swift */,
			);
			name = Controller;
			sourceTree = "<group>";
		};
		90BA47BB1C79F5E600400FBC /* Helpers */ = {
			isa = PBXGroup;
			children = (
				90BA47A61C79F1E500400FBC /* AppDelegate.swift */,
				90BA47BE1C79F76C00400FBC /* NetworkingHelper.swift */,
				90BA47C01C79F7BF00400FBC /* Constants.swift */,
			);
			name = Helpers;
			sourceTree = "<group>";
		};
/* End PBXGroup section */

/* Begin PBXNativeTarget section */
		90BA47A21C79F1E500400FBC /* BhajanDB */ = {
			isa = PBXNativeTarget;
			buildConfigurationList = 90BA47B51C79F1E500400FBC /* Build configuration list for PBXNativeTarget "BhajanDB" */;
			buildPhases = (
				90186577649B99C8E884C6EE /* Check Pods Manifest.lock */,
				90BA479F1C79F1E500400FBC /* Sources */,
				90BA47A01C79F1E500400FBC /* Frameworks */,
				90BA47A11C79F1E500400FBC /* Resources */,
				0DF564BE6396214969EA05FA /* Embed Pods Frameworks */,
				20FC73DC537109AAD5A7C1B0 /* Copy Pods Resources */,
			);
			buildRules = (
			);
			dependencies = (
			);
			name = BhajanDB;
			productName = BhajanDB;
			productReference = 90BA47A31C79F1E500400FBC /* BhajanDB.app */;
			productType = "com.apple.product-type.application";
		};
/* End PBXNativeTarget section */

/* Begin PBXProject section */
		90BA479B1C79F1E500400FBC /* Project object */ = {
			isa = PBXProject;
			attributes = {
				LastSwiftUpdateCheck = 0720;
				LastUpgradeCheck = 0720;
				ORGANIZATIONNAME = Kanchy;
				TargetAttributes = {
					90BA47A21C79F1E500400FBC = {
						CreatedOnToolsVersion = 7.2.1;
						DevelopmentTeam = T73NS2VVSU;
					};
				};
			};
			buildConfigurationList = 90BA479E1C79F1E500400FBC /* Build configuration list for PBXProject "BhajanDB" */;
			compatibilityVersion = "Xcode 3.2";
			developmentRegion = English;
			hasScannedForEncodings = 0;
			knownRegions = (
				en,
				Base,
			);
			mainGroup = 90BA479A1C79F1E500400FBC;
			productRefGroup = 90BA47A41C79F1E500400FBC /* Products */;
			projectDirPath = "";
			projectRoot = "";
			targets = (
				90BA47A21C79F1E500400FBC /* BhajanDB */,
			);
		};
/* End PBXProject section */

/* Begin PBXResourcesBuildPhase section */
		90BA47A11C79F1E500400FBC /* Resources */ = {
			isa = PBXResourcesBuildPhase;
			buildActionMask = 2147483647;
			files = (
				90BA47C81C7C397400400FBC /* Main.storyboard in Resources */,
				90BA47B11C79F1E500400FBC /* LaunchScreen.storyboard in Resources */,
				90BA47AE1C79F1E500400FBC /* Assets.xcassets in Resources */,
			);
			runOnlyForDeploymentPostprocessing = 0;
		};
/* End PBXResourcesBuildPhase section */

/* Begin PBXShellScriptBuildPhase section */
		0DF564BE6396214969EA05FA /* Embed Pods Frameworks */ = {
			isa = PBXShellScriptBuildPhase;
			buildActionMask = 2147483647;
			files = (
			);
			inputPaths = (
			);
			name = "Embed Pods Frameworks";
			outputPaths = (
			);
			runOnlyForDeploymentPostprocessing = 0;
			shellPath = /bin/sh;
			shellScript = "\"${SRCROOT}/Pods/Target Support Files/Pods-BhajanDB/Pods-BhajanDB-frameworks.sh\"\n";
			showEnvVarsInLog = 0;
		};
		20FC73DC537109AAD5A7C1B0 /* Copy Pods Resources */ = {
			isa = PBXShellScriptBuildPhase;
			buildActionMask = 2147483647;
			files = (
			);
			inputPaths = (
			);
			name = "Copy Pods Resources";
			outputPaths = (
			);
			runOnlyForDeploymentPostprocessing = 0;
			shellPath = /bin/sh;
			shellScript = "\"${SRCROOT}/Pods/Target Support Files/Pods-BhajanDB/Pods-BhajanDB-resources.sh\"\n";
			showEnvVarsInLog = 0;
		};
		90186577649B99C8E884C6EE /* Check Pods Manifest.lock */ = {
			isa = PBXShellScriptBuildPhase;
			buildActionMask = 2147483647;
			files = (
			);
			inputPaths = (
			);
			name = "Check Pods Manifest.lock";
			outputPaths = (
			);
			runOnlyForDeploymentPostprocessing = 0;
			shellPath = /bin/sh;
			shellScript = "diff \"${PODS_ROOT}/../Podfile.lock\" \"${PODS_ROOT}/Manifest.lock\" > /dev/null\nif [[ $? != 0 ]] ; then\n    cat << EOM\nerror: The sandbox is not in sync with the Podfile.lock. Run 'pod install' or update your CocoaPods installation.\nEOM\n    exit 1\nfi\n";
			showEnvVarsInLog = 0;
		};
/* End PBXShellScriptBuildPhase section */

/* Begin PBXSourcesBuildPhase section */
		90BA479F1C79F1E500400FBC /* Sources */ = {
			isa = PBXSourcesBuildPhase;
			buildActionMask = 2147483647;
			files = (
				90BA47C11C79F7BF00400FBC /* Constants.swift in Sources */,
				90BA47BD1C79F62A00400FBC /* Bhajan.swift in Sources */,
				90BA47C51C79FC9300400FBC /* BhajanDetailsViewController.swift in Sources */,
				90BA47BF1C79F76C00400FBC /* NetworkingHelper.swift in Sources */,
				90BA47C31C79FC7800400FBC /* SearchDBTableViewController.swift in Sources */,
				90BA47A91C79F1E500400FBC /* ViewController.swift in Sources */,
				90BA47A71C79F1E500400FBC /* AppDelegate.swift in Sources */,
			);
			runOnlyForDeploymentPostprocessing = 0;
		};
/* End PBXSourcesBuildPhase section */

/* Begin PBXVariantGroup section */
		90BA47AF1C79F1E500400FBC /* LaunchScreen.storyboard */ = {
			isa = PBXVariantGroup;
			children = (
				90BA47B01C79F1E500400FBC /* Base */,
			);
			name = LaunchScreen.storyboard;
			sourceTree = "<group>";
		};
		90BA47C61C7C397400400FBC /* Main.storyboard */ = {
			isa = PBXVariantGroup;
			children = (
				90BA47C71C7C397400400FBC /* Base */,
			);
			name = Main.storyboard;
			sourceTree = "<group>";
		};
/* End PBXVariantGroup section */

/* Begin XCBuildConfiguration section */
		90BA47B31C79F1E500400FBC /* Debug */ = {
			isa = XCBuildConfiguration;
			buildSettings = {
				ALWAYS_SEARCH_USER_PATHS = NO;
				CLANG_CXX_LANGUAGE_STANDARD = "gnu++0x";
				CLANG_CXX_LIBRARY = "libc++";
				CLANG_ENABLE_MODULES = YES;
				CLANG_ENABLE_OBJC_ARC = YES;
				CLANG_WARN_BOOL_CONVERSION = YES;
				CLANG_WARN_CONSTANT_CONVERSION = YES;
				CLANG_WARN_DIRECT_OBJC_ISA_USAGE = YES_ERROR;
				CLANG_WARN_EMPTY_BODY = YES;
				CLANG_WARN_ENUM_CONVERSION = YES;
				CLANG_WARN_INT_CONVERSION = YES;
				CLANG_WARN_OBJC_ROOT_CLASS = YES_ERROR;
				CLANG_WARN_UNREACHABLE_CODE = YES;
				CLANG_WARN__DUPLICATE_METHOD_MATCH = YES;
				"CODE_SIGN_IDENTITY[sdk=iphoneos*]" = "iPhone Developer";
				COPY_PHASE_STRIP = NO;
				DEBUG_INFORMATION_FORMAT = dwarf;
				ENABLE_STRICT_OBJC_MSGSEND = YES;
				ENABLE_TESTABILITY = YES;
				GCC_C_LANGUAGE_STANDARD = gnu99;
				GCC_DYNAMIC_NO_PIC = NO;
				GCC_NO_COMMON_BLOCKS = YES;
				GCC_OPTIMIZATION_LEVEL = 0;
				GCC_PREPROCESSOR_DEFINITIONS = (
					"DEBUG=1",
					"$(inherited)",
				);
				GCC_WARN_64_TO_32_BIT_CONVERSION = YES;
				GCC_WARN_ABOUT_RETURN_TYPE = YES_ERROR;
				GCC_WARN_UNDECLARED_SELECTOR = YES;
				GCC_WARN_UNINITIALIZED_AUTOS = YES_AGGRESSIVE;
				GCC_WARN_UNUSED_FUNCTION = YES;
				GCC_WARN_UNUSED_VARIABLE = YES;
				IPHONEOS_DEPLOYMENT_TARGET = 9.2;
				MTL_ENABLE_DEBUG_INFO = YES;
				ONLY_ACTIVE_ARCH = YES;
				SDKROOT = iphoneos;
				SWIFT_OPTIMIZATION_LEVEL = "-Onone";
			};
			name = Debug;
		};
		90BA47B41C79F1E500400FBC /* Release */ = {
			isa = XCBuildConfiguration;
			buildSettings = {
				ALWAYS_SEARCH_USER_PATHS = NO;
				CLANG_CXX_LANGUAGE_STANDARD = "gnu++0x";
				CLANG_CXX_LIBRARY = "libc++";
				CLANG_ENABLE_MODULES = YES;
				CLANG_ENABLE_OBJC_ARC = YES;
				CLANG_WARN_BOOL_CONVERSION = YES;
				CLANG_WARN_CONSTANT_CONVERSION = YES;
				CLANG_WARN_DIRECT_OBJC_ISA_USAGE = YES_ERROR;
				CLANG_WARN_EMPTY_BODY = YES;
				CLANG_WARN_ENUM_CONVERSION = YES;
				CLANG_WARN_INT_CONVERSION = YES;
				CLANG_WARN_OBJC_ROOT_CLASS = YES_ERROR;
				CLANG_WARN_UNREACHABLE_CODE = YES;
				CLANG_WARN__DUPLICATE_METHOD_MATCH = YES;
				"CODE_SIGN_IDENTITY[sdk=iphoneos*]" = "iPhone Developer";
				COPY_PHASE_STRIP = NO;
				DEBUG_INFORMATION_FORMAT = "dwarf-with-dsym";
				ENABLE_NS_ASSERTIONS = NO;
				ENABLE_STRICT_OBJC_MSGSEND = YES;
				GCC_C_LANGUAGE_STANDARD = gnu99;
				GCC_NO_COMMON_BLOCKS = YES;
				GCC_WARN_64_TO_32_BIT_CONVERSION = YES;
				GCC_WARN_ABOUT_RETURN_TYPE = YES_ERROR;
				GCC_WARN_UNDECLARED_SELECTOR = YES;
				GCC_WARN_UNINITIALIZED_AUTOS = YES_AGGRESSIVE;
				GCC_WARN_UNUSED_FUNCTION = YES;
				GCC_WARN_UNUSED_VARIABLE = YES;
				IPHONEOS_DEPLOYMENT_TARGET = 9.2;
				MTL_ENABLE_DEBUG_INFO = NO;
				SDKROOT = iphoneos;
				VALIDATE_PRODUCT = YES;
			};
			name = Release;
		};
		90BA47B61C79F1E500400FBC /* Debug */ = {
			isa = XCBuildConfiguration;
			baseConfigurationReference = 47E87BB73F45D35523B1D736 /* Pods-BhajanDB.debug.xcconfig */;
			buildSettings = {
				ASSETCATALOG_COMPILER_APPICON_NAME = AppIcon;
				CODE_SIGN_IDENTITY = "iPhone Distribution: Manohar Kanchiraju (T73NS2VVSU)";
				"CODE_SIGN_IDENTITY[sdk=iphoneos*]" = "iPhone Developer";
				INFOPLIST_FILE = BhajanDB/Info.plist;
				LD_RUNPATH_SEARCH_PATHS = "$(inherited) @executable_path/Frameworks";
				PRODUCT_BUNDLE_IDENTIFIER = com.Sairam.BhajanDB;
				PRODUCT_NAME = "$(TARGET_NAME)";
				PROVISIONING_PROFILE = "";
				TARGETED_DEVICE_FAMILY = 1;
			};
			name = Debug;
		};
		90BA47B71C79F1E500400FBC /* Release */ = {
			isa = XCBuildConfiguration;
			baseConfigurationReference = 2622E4554AB1551029EC21A8 /* Pods-BhajanDB.release.xcconfig */;
			buildSettings = {
				ASSETCATALOG_COMPILER_APPICON_NAME = AppIcon;
				CODE_SIGN_IDENTITY = "iPhone Distribution: Manohar Kanchiraju (T73NS2VVSU)";
				"CODE_SIGN_IDENTITY[sdk=iphoneos*]" = "iPhone Developer";
				INFOPLIST_FILE = BhajanDB/Info.plist;
				LD_RUNPATH_SEARCH_PATHS = "$(inherited) @executable_path/Frameworks";
				PRODUCT_BUNDLE_IDENTIFIER = com.Sairam.BhajanDB;
				PRODUCT_NAME = "$(TARGET_NAME)";
				PROVISIONING_PROFILE = "";
				TARGETED_DEVICE_FAMILY = 1;
			};
			name = Release;
		};
/* End XCBuildConfiguration section */

/* Begin XCConfigurationList section */
		90BA479E1C79F1E500400FBC /* Build configuration list for PBXProject "BhajanDB" */ = {
			isa = XCConfigurationList;
			buildConfigurations = (
				90BA47B31C79F1E500400FBC /* Debug */,
				90BA47B41C79F1E500400FBC /* Release */,
			);
			defaultConfigurationIsVisible = 0;
			defaultConfigurationName = Release;
		};
		90BA47B51C79F1E500400FBC /* Build configuration list for PBXNativeTarget "BhajanDB" */ = {
			isa = XCConfigurationList;
			buildConfigurations = (
				90BA47B61C79F1E500400FBC /* Debug */,
				90BA47B71C79F1E500400FBC /* Release */,
			);
			defaultConfigurationIsVisible = 0;
			defaultConfigurationName = Release;
		};
/* End XCConfigurationList section */
	};
	rootObject = 90BA479B1C79F1E500400FBC /* Project object */;
}
